
Microsoft Visual Studio Solution File, Format Version 12.00
# Visual Studio Version 17
VisualStudioVersion = 17.12.35707.178
MinimumVisualStudioVersion = 10.0.40219.1
Project("{FAE04EC0-301F-11D3-BF4B-00C04F79EFBC}") = "PriCom", "PriCom\PriCom.csproj", "{CD444BEC-2735-4464-8704-11CA39A50E1E}"
EndProject
Project("{FAE04EC0-301F-11D3-BF4B-00C04F79EFBC}") = "Application", "Application\Application.csproj", "{49AA8751-8598-477A-B80A-A9DD668A4C02}"
EndProject
Project("{FAE04EC0-301F-11D3-BF4B-00C04F79EFBC}") = "Domain", "Domain\Domain.csproj", "{44EA41AD-39DE-496B-9AE5-59E4D21AA8CC}"
EndProject
Project("{FAE04EC0-301F-11D3-BF4B-00C04F79EFBC}") = "DbLib", "DbLib\DbLib.csproj", "{155FDC7F-C413-46FA-8B92-FBB8C0D4B6BB}"
EndProject
Project("{FAE04EC0-301F-11D3-BF4B-00C04F79EFBC}") = "Infrastructure", "Infrastructure\Infrastructure.csproj", "{9B31019F-D3A5-412B-A748-D1F3D3BA074D}"
EndProject
Global
	GlobalSection(SolutionConfigurationPlatforms) = preSolution
		Debug|Any CPU = Debug|Any CPU
		Release|Any CPU = Release|Any CPU
	EndGlobalSection
	GlobalSection(ProjectConfigurationPlatforms) = postSolution
		{CD444BEC-2735-4464-8704-11CA39A50E1E}.Debug|Any CPU.ActiveCfg = Debug|Any CPU
		{CD444BEC-2735-4464-8704-11CA39A50E1E}.Debug|Any CPU.Build.0 = Debug|Any CPU
		{CD444BEC-2735-4464-8704-11CA39A50E1E}.Release|Any CPU.ActiveCfg = Release|Any CPU
		{CD444BEC-2735-4464-8704-11CA39A50E1E}.Release|Any CPU.Build.0 = Release|Any CPU
		{49AA8751-8598-477A-B80A-A9DD668A4C02}.Debug|Any CPU.ActiveCfg = Debug|Any CPU
		{49AA8751-8598-477A-B80A-A9DD668A4C02}.Debug|Any CPU.Build.0 = Debug|Any CPU
		{49AA8751-8598-477A-B80A-A9DD668A4C02}.Release|Any CPU.ActiveCfg = Release|Any CPU
		{49AA8751-8598-477A-B80A-A9DD668A4C02}.Release|Any CPU.Build.0 = Release|Any CPU
		{44EA41AD-39DE-496B-9AE5-59E4D21AA8CC}.Debug|Any CPU.ActiveCfg = Debug|Any CPU
		{44EA41AD-39DE-496B-9AE5-59E4D21AA8CC}.Debug|Any CPU.Build.0 = Debug|Any CPU
		{44EA41AD-39DE-496B-9AE5-59E4D21AA8CC}.Release|Any CPU.ActiveCfg = Release|Any CPU
		{44EA41AD-39DE-496B-9AE5-59E4D21AA8CC}.Release|Any CPU.Build.0 = Release|Any CPU
		{155FDC7F-C413-46FA-8B92-FBB8C0D4B6BB}.Debug|Any CPU.ActiveCfg = Debug|Any CPU
		{155FDC7F-C413-46FA-8B92-FBB8C0D4B6BB}.Debug|Any CPU.Build.0 = Debug|Any CPU
		{155FDC7F-C413-46FA-8B92-FBB8C0D4B6BB}.Release|Any CPU.ActiveCfg = Release|Any CPU
		{155FDC7F-C413-46FA-8B92-FBB8C0D4B6BB}.Release|Any CPU.Build.0 = Release|Any CPU
		{9B31019F-D3A5-412B-A748-D1F3D3BA074D}.Debug|Any CPU.ActiveCfg = Debug|Any CPU
		{9B31019F-D3A5-412B-A748-D1F3D3BA074D}.Debug|Any CPU.Build.0 = Debug|Any CPU
		{9B31019F-D3A5-412B-A748-D1F3D3BA074D}.Release|Any CPU.ActiveCfg = Release|Any CPU
		{9B31019F-D3A5-412B-A748-D1F3D3BA074D}.Release|Any CPU.Build.0 = Release|Any CPU
	EndGlobalSection
	GlobalSection(SolutionProperties) = preSolution
		HideSolutionNode = FALSE
	EndGlobalSection
EndGlobal
